
Microsoft Visual Studio Solution File, Format Version 12.00
Project("{FAE04EC0-301F-11D3-BF4B-00C04F79EFBC}") = "revenue-api", "revenue-api\revenue-api.csproj", "{0E96CC46-699B-4A10-8FE0-9AC93B1C2204}"
EndProject
Project("{FAE04EC0-301F-11D3-BF4B-00C04F79EFBC}") = "RevenueApiTests", "RevenueApiTests\RevenueApiTests.csproj", "{EBF730B7-647C-4897-B178-40516BCE38FD}"
EndProject
Global
	GlobalSection(SolutionConfigurationPlatforms) = preSolution
		Debug|Any CPU = Debug|Any CPU
		Release|Any CPU = Release|Any CPU
	EndGlobalSection
	GlobalSection(ProjectConfigurationPlatforms) = postSolution
		{0E96CC46-699B-4A10-8FE0-9AC93B1C2204}.Debug|Any CPU.ActiveCfg = Debug|Any CPU
		{0E96CC46-699B-4A10-8FE0-9AC93B1C2204}.Debug|Any CPU.Build.0 = Debug|Any CPU
		{0E96CC46-699B-4A10-8FE0-9AC93B1C2204}.Release|Any CPU.ActiveCfg = Release|Any CPU
		{0E96CC46-699B-4A10-8FE0-9AC93B1C2204}.Release|Any CPU.Build.0 = Release|Any CPU
		{EBF730B7-647C-4897-B178-40516BCE38FD}.Debug|Any CPU.ActiveCfg = Debug|Any CPU
		{EBF730B7-647C-4897-B178-40516BCE38FD}.Debug|Any CPU.Build.0 = Debug|Any CPU
		{EBF730B7-647C-4897-B178-40516BCE38FD}.Release|Any CPU.ActiveCfg = Release|Any CPU
		{EBF730B7-647C-4897-B178-40516BCE38FD}.Release|Any CPU.Build.0 = Release|Any CPU
	EndGlobalSection
EndGlobal
